{
    "_readme": [
        "This file locks the dependencies of your project to a known state",
        "Read more about it at http://getcomposer.org/doc/01-basic-usage.md#composer-lock-the-lock-file",
        "This file is @generated automatically"
    ],
    "hash": "9575f2614f13e436951de6154b54df70",
    "packages": [
        {
            "name": "fguillot/picofeed",
            "version": "dev-master",
            "source": {
                "type": "git",
                "url": "https://github.com/fguillot/picoFeed.git",
                "reference": "a006fc10642fbdc5414bebd6542aeabd35f8c98b"
            },
            "dist": {
                "type": "zip",
                "url": "https://api.github.com/repos/fguillot/picoFeed/zipball/a006fc10642fbdc5414bebd6542aeabd35f8c98b",
                "reference": "a006fc10642fbdc5414bebd6542aeabd35f8c98b",
                "shasum": ""
            },
            "require": {
                "ext-dom": "*",
                "ext-iconv": "*",
                "ext-libxml": "*",
                "ext-simplexml": "*",
                "ext-xml": "*",
                "php": ">=5.3.0"
            },
            "type": "library",
            "autoload": {
                "psr-0": {
                    "PicoFeed": "lib/"
                }
            },
            "notification-url": "https://packagist.org/downloads/",
            "license": [
                "Unlicense"
            ],
            "authors": [
                {
                    "name": "Frédéric Guillot",
                    "homepage": "http://fredericguillot.com"
                }
            ],
            "description": "Modern library to write or read feeds (RSS/Atom)",
            "homepage": "http://fguillot.github.io/picoFeed",
            "time": "2015-03-03 03:14:01"
        }
    ],
    "packages-dev": [],
    "aliases": [],
    "minimum-stability": "stable",
    "stability-flags": {
        "fguillot/picofeed": 20
    },
    "prefer-stable": false,
    "prefer-lowest": false,
    "platform": [],
    "platform-dev": []
}
